
Microsoft Visual Studio Solution File, Format Version 12.00
# Visual Studio 15
VisualStudioVersion = 15.0.27703.2000
MinimumVisualStudioVersion = 10.0.40219.1
Project("{FAE04EC0-301F-11D3-BF4B-00C04F79EFBC}") = "ChatRabbit", "ChatRabbit\ChatRabbit.csproj", "{2A0F3054-6CD3-4376-9627-DBB946943106}"
EndProject
Global
	GlobalSection(SolutionConfigurationPlatforms) = preSolution
		Debug|Any CPU = Debug|Any CPU
		Release|Any CPU = Release|Any CPU
	EndGlobalSection
	GlobalSection(ProjectConfigurationPlatforms) = postSolution
		{2A0F3054-6CD3-4376-9627-DBB946943106}.Debug|Any CPU.ActiveCfg = Debug|Any CPU
		{2A0F3054-6CD3-4376-9627-DBB946943106}.Debug|Any CPU.Build.0 = Debug|Any CPU
		{2A0F3054-6CD3-4376-9627-DBB946943106}.Release|Any CPU.ActiveCfg = Release|Any CPU
		{2A0F3054-6CD3-4376-9627-DBB946943106}.Release|Any CPU.Build.0 = Release|Any CPU
	EndGlobalSection
	GlobalSection(SolutionProperties) = preSolution
		HideSolutionNode = FALSE
	EndGlobalSection
	GlobalSection(ExtensibilityGlobals) = postSolution
		SolutionGuid = {B34022BD-5C24-4FE8-9EA4-FCAFAF794E5C}
	EndGlobalSection
EndGlobal
